
Microsoft Visual Studio Solution File, Format Version 12.00
# Visual Studio 2013
VisualStudioVersion = 12.0.31101.0
MinimumVisualStudioVersion = 10.0.40219.1
Project("{FAE04EC0-301F-11D3-BF4B-00C04F79EFBC}") = "SensorValuesServer", "SensorValuesServer\SensorValuesServer.csproj", "{75020EE8-9CE9-48DF-B9F2-F96F093E2405}"
EndProject
Project("{FAE04EC0-301F-11D3-BF4B-00C04F79EFBC}") = "SensorValuesTestClient", "SensorValuesTestClient\SensorValuesTestClient.csproj", "{BFBA8B35-3D88-4261-BF14-706B434F073A}"
EndProject
Project("{FAE04EC0-301F-11D3-BF4B-00C04F79EFBC}") = "SensorValues", "SensorValues\SensorValues.csproj", "{7ED162FD-0006-4264-9E5F-CFD41E49735B}"
EndProject
Global
	GlobalSection(SolutionConfigurationPlatforms) = preSolution
		Debug|Any CPU = Debug|Any CPU
		Release|Any CPU = Release|Any CPU
	EndGlobalSection
	GlobalSection(ProjectConfigurationPlatforms) = postSolution
		{75020EE8-9CE9-48DF-B9F2-F96F093E2405}.Debug|Any CPU.ActiveCfg = Debug|Any CPU
		{75020EE8-9CE9-48DF-B9F2-F96F093E2405}.Debug|Any CPU.Build.0 = Debug|Any CPU
		{75020EE8-9CE9-48DF-B9F2-F96F093E2405}.Release|Any CPU.ActiveCfg = Release|Any CPU
		{75020EE8-9CE9-48DF-B9F2-F96F093E2405}.Release|Any CPU.Build.0 = Release|Any CPU
		{BFBA8B35-3D88-4261-BF14-706B434F073A}.Debug|Any CPU.ActiveCfg = Debug|Any CPU
		{BFBA8B35-3D88-4261-BF14-706B434F073A}.Debug|Any CPU.Build.0 = Debug|Any CPU
		{BFBA8B35-3D88-4261-BF14-706B434F073A}.Release|Any CPU.ActiveCfg = Release|Any CPU
		{BFBA8B35-3D88-4261-BF14-706B434F073A}.Release|Any CPU.Build.0 = Release|Any CPU
		{7ED162FD-0006-4264-9E5F-CFD41E49735B}.Debug|Any CPU.ActiveCfg = Debug|Any CPU
		{7ED162FD-0006-4264-9E5F-CFD41E49735B}.Debug|Any CPU.Build.0 = Debug|Any CPU
		{7ED162FD-0006-4264-9E5F-CFD41E49735B}.Release|Any CPU.ActiveCfg = Release|Any CPU
		{7ED162FD-0006-4264-9E5F-CFD41E49735B}.Release|Any CPU.Build.0 = Release|Any CPU
	EndGlobalSection
	GlobalSection(SolutionProperties) = preSolution
		HideSolutionNode = FALSE
	EndGlobalSection
EndGlobal
